
Microsoft Visual Studio Solution File, Format Version 11.00
# Visual Studio 2010
Project("{FAE04EC0-301F-11D3-BF4B-00C04F79EFBC}") = "db_contacts", "db_contacts\db_contacts.csproj", "{C62C1B63-6B9D-40B7-9838-8C6AFE492AC2}"
EndProject
Global
	GlobalSection(SolutionConfigurationPlatforms) = preSolution
		Debug|Any CPU = Debug|Any CPU
		Release|Any CPU = Release|Any CPU
	EndGlobalSection
	GlobalSection(ProjectConfigurationPlatforms) = postSolution
		{C62C1B63-6B9D-40B7-9838-8C6AFE492AC2}.Debug|Any CPU.ActiveCfg = Debug|Any CPU
		{C62C1B63-6B9D-40B7-9838-8C6AFE492AC2}.Debug|Any CPU.Build.0 = Debug|Any CPU
		{C62C1B63-6B9D-40B7-9838-8C6AFE492AC2}.Release|Any CPU.ActiveCfg = Release|Any CPU
		{C62C1B63-6B9D-40B7-9838-8C6AFE492AC2}.Release|Any CPU.Build.0 = Release|Any CPU
	EndGlobalSection
	GlobalSection(SolutionProperties) = preSolution
		HideSolutionNode = FALSE
	EndGlobalSection
EndGlobal
